
Microsoft Visual Studio Solution File, Format Version 12.00
# Visual Studio Version 16
VisualStudioVersion = 16.0.29209.62
MinimumVisualStudioVersion = 10.0.40219.1
Project("{FAE04EC0-301F-11D3-BF4B-00C04F79EFBC}") = "WebApplication1", "WebApplication1\WebApplication1.csproj", "{F48B4644-52C4-48BC-8AFF-C1E1948A267E}"
EndProject
Global
	GlobalSection(SolutionConfigurationPlatforms) = preSolution
		Debug|Any CPU = Debug|Any CPU
		Release|Any CPU = Release|Any CPU
	EndGlobalSection
	GlobalSection(ProjectConfigurationPlatforms) = postSolution
		{F48B4644-52C4-48BC-8AFF-C1E1948A267E}.Debug|Any CPU.ActiveCfg = Debug|Any CPU
		{F48B4644-52C4-48BC-8AFF-C1E1948A267E}.Debug|Any CPU.Build.0 = Debug|Any CPU
		{F48B4644-52C4-48BC-8AFF-C1E1948A267E}.Release|Any CPU.ActiveCfg = Release|Any CPU
		{F48B4644-52C4-48BC-8AFF-C1E1948A267E}.Release|Any CPU.Build.0 = Release|Any CPU
	EndGlobalSection
	GlobalSection(SolutionProperties) = preSolution
		HideSolutionNode = FALSE
	EndGlobalSection
	GlobalSection(ExtensibilityGlobals) = postSolution
		SolutionGuid = {62E6A386-E5A3-4908-B99E-82D872035FB6}
	EndGlobalSection
EndGlobal
